
Microsoft Visual Studio Solution File, Format Version 12.00
# Visual Studio Version 16
VisualStudioVersion = 16.0.30330.147
MinimumVisualStudioVersion = 10.0.40219.1
Project("{9A19103F-16F7-4668-BE54-9A1E7A4F7556}") = "Sumar", "Sumar\Sumar.csproj", "{13FF4926-5230-4BF9-884C-552BDD4B838D}"
EndProject
Project("{FAE04EC0-301F-11D3-BF4B-00C04F79EFBC}") = "UnitTestSumar", "UnitTestSumar\UnitTestSumar.csproj", "{5E5BD763-403B-41F1-A0E6-560552D5172C}"
EndProject
Project("{FAE04EC0-301F-11D3-BF4B-00C04F79EFBC}") = "UnitTestSumar2", "UnitTestSumar2\UnitTestSumar2.csproj", "{640F02B2-7415-4238-A1D4-206D2A190D36}"
EndProject
Global
	GlobalSection(SolutionConfigurationPlatforms) = preSolution
		Debug|Any CPU = Debug|Any CPU
		Release|Any CPU = Release|Any CPU
	EndGlobalSection
	GlobalSection(ProjectConfigurationPlatforms) = postSolution
		{13FF4926-5230-4BF9-884C-552BDD4B838D}.Debug|Any CPU.ActiveCfg = Debug|Any CPU
		{13FF4926-5230-4BF9-884C-552BDD4B838D}.Debug|Any CPU.Build.0 = Debug|Any CPU
		{13FF4926-5230-4BF9-884C-552BDD4B838D}.Release|Any CPU.ActiveCfg = Release|Any CPU
		{13FF4926-5230-4BF9-884C-552BDD4B838D}.Release|Any CPU.Build.0 = Release|Any CPU
		{5E5BD763-403B-41F1-A0E6-560552D5172C}.Debug|Any CPU.ActiveCfg = Debug|Any CPU
		{5E5BD763-403B-41F1-A0E6-560552D5172C}.Debug|Any CPU.Build.0 = Debug|Any CPU
		{5E5BD763-403B-41F1-A0E6-560552D5172C}.Release|Any CPU.ActiveCfg = Release|Any CPU
		{5E5BD763-403B-41F1-A0E6-560552D5172C}.Release|Any CPU.Build.0 = Release|Any CPU
		{640F02B2-7415-4238-A1D4-206D2A190D36}.Debug|Any CPU.ActiveCfg = Debug|Any CPU
		{640F02B2-7415-4238-A1D4-206D2A190D36}.Debug|Any CPU.Build.0 = Debug|Any CPU
		{640F02B2-7415-4238-A1D4-206D2A190D36}.Release|Any CPU.ActiveCfg = Release|Any CPU
		{640F02B2-7415-4238-A1D4-206D2A190D36}.Release|Any CPU.Build.0 = Release|Any CPU
	EndGlobalSection
	GlobalSection(SolutionProperties) = preSolution
		HideSolutionNode = FALSE
	EndGlobalSection
	GlobalSection(ExtensibilityGlobals) = postSolution
		SolutionGuid = {DB5CF59E-2362-43BD-8BFE-C4176685D832}
	EndGlobalSection
EndGlobal
